
Microsoft Visual Studio Solution File, Format Version 12.00
# Visual Studio Version 16
VisualStudioVersion = 16.0.29509.3
MinimumVisualStudioVersion = 10.0.40219.1
Project("{8BC9CEB8-8B4A-11D0-8D11-00A0C91BC942}") = "DebugVision", "DebugVision.vcxproj", "{2D57B42F-9062-40CA-840F-0C385E9AE4F1}"
EndProject
Global
	GlobalSection(SolutionConfigurationPlatforms) = preSolution
		Debug|x64 = Debug|x64
		Release|x64 = Release|x64
	EndGlobalSection
	GlobalSection(ProjectConfigurationPlatforms) = postSolution
		{2D57B42F-9062-40CA-840F-0C385E9AE4F1}.Debug|x64.ActiveCfg = Debug|x64
		{2D57B42F-9062-40CA-840F-0C385E9AE4F1}.Debug|x64.Build.0 = Debug|x64
		{2D57B42F-9062-40CA-840F-0C385E9AE4F1}.Release|x64.ActiveCfg = Release|x64
		{2D57B42F-9062-40CA-840F-0C385E9AE4F1}.Release|x64.Build.0 = Release|x64
	EndGlobalSection
	GlobalSection(SolutionProperties) = preSolution
		HideSolutionNode = FALSE
	EndGlobalSection
	GlobalSection(ExtensibilityGlobals) = postSolution
		SolutionGuid = {36131569-EE88-45E3-B550-CC638B249E45}
	EndGlobalSection
EndGlobal
